// !$*UTF8*$!
{
	archiveVersion = 1;
	classes = {
	};
	objectVersion = 55;
	objects = {

/* Begin PBXBuildFile section */
		2131006B28B3EC26007D5A32 /* RoundedButton.swift in Sources */ = {isa = PBXBuildFile; fileRef = 2131006A28B3EC26007D5A32 /* RoundedButton.swift */; };
		21448F6C28AAA06500A138D8 /* CachedAsyncImage in Frameworks */ = {isa = PBXBuildFile; productRef = 21448F6B28AAA06500A138D8 /* CachedAsyncImage */; };
		21448F6F28AABA5E00A138D8 /* Simpsonfont.otf in Resources */ = {isa = PBXBuildFile; fileRef = 21448F6E28AABA5E00A138D8 /* Simpsonfont.otf */; };
		21448F7228AAC86600A138D8 /* GlowBorder.swift in Sources */ = {isa = PBXBuildFile; fileRef = 21448F7128AAC86600A138D8 /* GlowBorder.swift */; };
		21448F7728AACA5D00A138D8 /* MainView.swift in Sources */ = {isa = PBXBuildFile; fileRef = 21448F7628AACA5D00A138D8 /* MainView.swift */; };
		21448F7928AACA9600A138D8 /* FavoriteQuotesListView.swift in Sources */ = {isa = PBXBuildFile; fileRef = 21448F7828AACA9600A138D8 /* FavoriteQuotesListView.swift */; };
		21448F7B28AAE2A400A138D8 /* FavoriteQuotesManager.swift in Sources */ = {isa = PBXBuildFile; fileRef = 21448F7A28AAE2A400A138D8 /* FavoriteQuotesManager.swift */; };
		21448F8428ABF3A500A138D8 /* Colors.swift in Sources */ = {isa = PBXBuildFile; fileRef = 21448F8328ABF3A500A138D8 /* Colors.swift */; };
		21448F8928AC059600A138D8 /* FavoriteQuoteView.swift in Sources */ = {isa = PBXBuildFile; fileRef = 21448F8828AC059600A138D8 /* FavoriteQuoteView.swift */; };
		215C2AC228A8A6690073949B /* Swift_UI_AppApp.swift in Sources */ = {isa = PBXBuildFile; fileRef = 215C2AC128A8A6690073949B /* Swift_UI_AppApp.swift */; };
		215C2AC628A8A66E0073949B /* Assets.xcassets in Resources */ = {isa = PBXBuildFile; fileRef = 215C2AC528A8A66E0073949B /* Assets.xcassets */; };
		215C2AC928A8A66E0073949B /* Preview Assets.xcassets in Resources */ = {isa = PBXBuildFile; fileRef = 215C2AC828A8A66E0073949B /* Preview Assets.xcassets */; };
		215C2AD328A8A66F0073949B /* Swift_UI_AppTests.swift in Sources */ = {isa = PBXBuildFile; fileRef = 215C2AD228A8A66F0073949B /* Swift_UI_AppTests.swift */; };
		215C2ADD28A8A66F0073949B /* Swift_UI_AppUITests.swift in Sources */ = {isa = PBXBuildFile; fileRef = 215C2ADC28A8A66F0073949B /* Swift_UI_AppUITests.swift */; };
		215C2ADF28A8A66F0073949B /* Swift_UI_AppUITestsLaunchTests.swift in Sources */ = {isa = PBXBuildFile; fileRef = 215C2ADE28A8A66F0073949B /* Swift_UI_AppUITestsLaunchTests.swift */; };
		215C2AEC28A8A6BD0073949B /* CharQuotesManager.swift in Sources */ = {isa = PBXBuildFile; fileRef = 215C2AEB28A8A6BD0073949B /* CharQuotesManager.swift */; };
		215C2AEE28A8A7570073949B /* CharQuote.swift in Sources */ = {isa = PBXBuildFile; fileRef = 215C2AED28A8A7570073949B /* CharQuote.swift */; };
		215C2AF228A8BA970073949B /* CharQuoteView.swift in Sources */ = {isa = PBXBuildFile; fileRef = 215C2AF128A8BA970073949B /* CharQuoteView.swift */; };
		21A9367228AE81E100579171 /* ErrorInformationView.swift in Sources */ = {isa = PBXBuildFile; fileRef = 21A9367128AE81E100579171 /* ErrorInformationView.swift */; };
		21D09B4A28B652CE00778558 /* RandomQuotesView.swift in Sources */ = {isa = PBXBuildFile; fileRef = 21D09B4928B652CE00778558 /* RandomQuotesView.swift */; };
		21D09B4E28B65C1D00778558 /* AnimationHandler.swift in Sources */ = {isa = PBXBuildFile; fileRef = 21D09B4D28B65C1D00778558 /* AnimationHandler.swift */; };
		21D410E528AFDE9300D700AB /* Spinner.swift in Sources */ = {isa = PBXBuildFile; fileRef = 21D410E428AFDE9300D700AB /* Spinner.swift */; };
		21D410E728AFDF5F00D700AB /* SearchBar.swift in Sources */ = {isa = PBXBuildFile; fileRef = 21D410E628AFDF5F00D700AB /* SearchBar.swift */; };
		21F15B5828AD9CCB004476B9 /* ObservableDebounceSubject.swift in Sources */ = {isa = PBXBuildFile; fileRef = 21F15B5728AD9CCB004476B9 /* ObservableDebounceSubject.swift */; };
/* End PBXBuildFile section */

/* Begin PBXContainerItemProxy section */
		215C2ACF28A8A66F0073949B /* PBXContainerItemProxy */ = {
			isa = PBXContainerItemProxy;
			containerPortal = 215C2AB628A8A6690073949B /* Project object */;
			proxyType = 1;
			remoteGlobalIDString = 215C2ABD28A8A6690073949B;
			remoteInfo = "Swift-UI-App";
		};
		215C2AD928A8A66F0073949B /* PBXContainerItemProxy */ = {
			isa = PBXContainerItemProxy;
			containerPortal = 215C2AB628A8A6690073949B /* Project object */;
			proxyType = 1;
			remoteGlobalIDString = 215C2ABD28A8A6690073949B;
			remoteInfo = "Swift-UI-App";
		};
/* End PBXContainerItemProxy section */

/* Begin PBXFileReference section */
		2131006A28B3EC26007D5A32 /* RoundedButton.swift */ = {isa = PBXFileReference; lastKnownFileType = sourcecode.swift; path = RoundedButton.swift; sourceTree = "<group>"; };
		21448F6E28AABA5E00A138D8 /* Simpsonfont.otf */ = {isa = PBXFileReference; lastKnownFileType = file; path = Simpsonfont.otf; sourceTree = "<group>"; };
		21448F7028AABAA100A138D8 /* Info.plist */ = {isa = PBXFileReference; lastKnownFileType = text.plist; path = Info.plist; sourceTree = "<group>"; };
		21448F7128AAC86600A138D8 /* GlowBorder.swift */ = {isa = PBXFileReference; lastKnownFileType = sourcecode.swift; path = GlowBorder.swift; sourceTree = "<group>"; };
		21448F7628AACA5D00A138D8 /* MainView.swift */ = {isa = PBXFileReference; lastKnownFileType = sourcecode.swift; path = MainView.swift; sourceTree = "<group>"; };
		21448F7828AACA9600A138D8 /* FavoriteQuotesListView.swift */ = {isa = PBXFileReference; lastKnownFileType = sourcecode.swift; path = FavoriteQuotesListView.swift; sourceTree = "<group>"; };
		21448F7A28AAE2A400A138D8 /* FavoriteQuotesManager.swift */ = {isa = PBXFileReference; lastKnownFileType = sourcecode.swift; path = FavoriteQuotesManager.swift; sourceTree = "<group>"; };
		21448F8328ABF3A500A138D8 /* Colors.swift */ = {isa = PBXFileReference; lastKnownFileType = sourcecode.swift; path = Colors.swift; sourceTree = "<group>"; };
		21448F8828AC059600A138D8 /* FavoriteQuoteView.swift */ = {isa = PBXFileReference; lastKnownFileType = sourcecode.swift; path = FavoriteQuoteView.swift; sourceTree = "<group>"; };
		215C2ABE28A8A6690073949B /* Swift-UI-App.app */ = {isa = PBXFileReference; explicitFileType = wrapper.application; includeInIndex = 0; path = "Swift-UI-App.app"; sourceTree = BUILT_PRODUCTS_DIR; };
		215C2AC128A8A6690073949B /* Swift_UI_AppApp.swift */ = {isa = PBXFileReference; lastKnownFileType = sourcecode.swift; path = Swift_UI_AppApp.swift; sourceTree = "<group>"; };
		215C2AC528A8A66E0073949B /* Assets.xcassets */ = {isa = PBXFileReference; lastKnownFileType = folder.assetcatalog; path = Assets.xcassets; sourceTree = "<group>"; };
		215C2AC828A8A66E0073949B /* Preview Assets.xcassets */ = {isa = PBXFileReference; lastKnownFileType = folder.assetcatalog; path = "Preview Assets.xcassets"; sourceTree = "<group>"; };
		215C2ACE28A8A66F0073949B /* Swift-UI-AppTests.xctest */ = {isa = PBXFileReference; explicitFileType = wrapper.cfbundle; includeInIndex = 0; path = "Swift-UI-AppTests.xctest"; sourceTree = BUILT_PRODUCTS_DIR; };
		215C2AD228A8A66F0073949B /* Swift_UI_AppTests.swift */ = {isa = PBXFileReference; lastKnownFileType = sourcecode.swift; path = Swift_UI_AppTests.swift; sourceTree = "<group>"; };
		215C2AD828A8A66F0073949B /* Swift-UI-AppUITests.xctest */ = {isa = PBXFileReference; explicitFileType = wrapper.cfbundle; includeInIndex = 0; path = "Swift-UI-AppUITests.xctest"; sourceTree = BUILT_PRODUCTS_DIR; };
		215C2ADC28A8A66F0073949B /* Swift_UI_AppUITests.swift */ = {isa = PBXFileReference; lastKnownFileType = sourcecode.swift; path = Swift_UI_AppUITests.swift; sourceTree = "<group>"; };
		215C2ADE28A8A66F0073949B /* Swift_UI_AppUITestsLaunchTests.swift */ = {isa = PBXFileReference; lastKnownFileType = sourcecode.swift; path = Swift_UI_AppUITestsLaunchTests.swift; sourceTree = "<group>"; };
		215C2AEB28A8A6BD0073949B /* CharQuotesManager.swift */ = {isa = PBXFileReference; lastKnownFileType = sourcecode.swift; path = CharQuotesManager.swift; sourceTree = "<group>"; };
		215C2AED28A8A7570073949B /* CharQuote.swift */ = {isa = PBXFileReference; lastKnownFileType = sourcecode.swift; path = CharQuote.swift; sourceTree = "<group>"; };
		215C2AF128A8BA970073949B /* CharQuoteView.swift */ = {isa = PBXFileReference; lastKnownFileType = sourcecode.swift; path = CharQuoteView.swift; sourceTree = "<group>"; };
		21A9367128AE81E100579171 /* ErrorInformationView.swift */ = {isa = PBXFileReference; lastKnownFileType = sourcecode.swift; path = ErrorInformationView.swift; sourceTree = "<group>"; };
		21D09B4928B652CE00778558 /* RandomQuotesView.swift */ = {isa = PBXFileReference; fileEncoding = 4; lastKnownFileType = sourcecode.swift; path = RandomQuotesView.swift; sourceTree = "<group>"; };
		21D09B4D28B65C1D00778558 /* AnimationHandler.swift */ = {isa = PBXFileReference; lastKnownFileType = sourcecode.swift; path = AnimationHandler.swift; sourceTree = "<group>"; };
		21D410E428AFDE9300D700AB /* Spinner.swift */ = {isa = PBXFileReference; lastKnownFileType = sourcecode.swift; path = Spinner.swift; sourceTree = "<group>"; };
		21D410E628AFDF5F00D700AB /* SearchBar.swift */ = {isa = PBXFileReference; lastKnownFileType = sourcecode.swift; path = SearchBar.swift; sourceTree = "<group>"; };
		21F15B5728AD9CCB004476B9 /* ObservableDebounceSubject.swift */ = {isa = PBXFileReference; lastKnownFileType = sourcecode.swift; path = ObservableDebounceSubject.swift; sourceTree = "<group>"; };
/* End PBXFileReference section */

/* Begin PBXFrameworksBuildPhase section */
		215C2ABB28A8A6690073949B /* Frameworks */ = {
			isa = PBXFrameworksBuildPhase;
			buildActionMask = 2147483647;
			files = (
				21448F6C28AAA06500A138D8 /* CachedAsyncImage in Frameworks */,
			);
			runOnlyForDeploymentPostprocessing = 0;
		};
		215C2ACB28A8A66F0073949B /* Frameworks */ = {
			isa = PBXFrameworksBuildPhase;
			buildActionMask = 2147483647;
			files = (
			);
			runOnlyForDeploymentPostprocessing = 0;
		};
		215C2AD528A8A66F0073949B /* Frameworks */ = {
			isa = PBXFrameworksBuildPhase;
			buildActionMask = 2147483647;
			files = (
			);
			runOnlyForDeploymentPostprocessing = 0;
		};
/* End PBXFrameworksBuildPhase section */

/* Begin PBXGroup section */
		2131006C28B413DA007D5A32 /* Shared Components */ = {
			isa = PBXGroup;
			children = (
				21D410E428AFDE9300D700AB /* Spinner.swift */,
				21A9367128AE81E100579171 /* ErrorInformationView.swift */,
				21D410E628AFDF5F00D700AB /* SearchBar.swift */,
				2131006A28B3EC26007D5A32 /* RoundedButton.swift */,
			);
			path = "Shared Components";
			sourceTree = "<group>";
		};
		2131006D28B41440007D5A32 /* Scenes */ = {
			isa = PBXGroup;
			children = (
				21448F7628AACA5D00A138D8 /* MainView.swift */,
				2131006F28B415EC007D5A32 /* FavoriteQuotes */,
				2131006E28B4158F007D5A32 /* RandomQuotes */,
			);
			path = Scenes;
			sourceTree = "<group>";
		};
		2131006E28B4158F007D5A32 /* RandomQuotes */ = {
			isa = PBXGroup;
			children = (
				21D09B4928B652CE00778558 /* RandomQuotesView.swift */,
				215C2AF128A8BA970073949B /* CharQuoteView.swift */,
			);
			path = RandomQuotes;
			sourceTree = "<group>";
		};
		2131006F28B415EC007D5A32 /* FavoriteQuotes */ = {
			isa = PBXGroup;
			children = (
				21448F7828AACA9600A138D8 /* FavoriteQuotesListView.swift */,
				21448F8828AC059600A138D8 /* FavoriteQuoteView.swift */,
			);
			path = FavoriteQuotes;
			sourceTree = "<group>";
		};
		21448F6D28AABA4D00A138D8 /* Resources */ = {
			isa = PBXGroup;
			children = (
				21448F6E28AABA5E00A138D8 /* Simpsonfont.otf */,
				215C2AC528A8A66E0073949B /* Assets.xcassets */,
			);
			path = Resources;
			sourceTree = "<group>";
		};
		21448F8028ABF23C00A138D8 /* Views */ = {
			isa = PBXGroup;
			children = (
				2131006D28B41440007D5A32 /* Scenes */,
				2131006C28B413DA007D5A32 /* Shared Components */,
			);
			path = Views;
			sourceTree = "<group>";
		};
		21448F8128ABF26600A138D8 /* Model */ = {
			isa = PBXGroup;
			children = (
				21448F7A28AAE2A400A138D8 /* FavoriteQuotesManager.swift */,
				215C2AEB28A8A6BD0073949B /* CharQuotesManager.swift */,
				215C2AED28A8A7570073949B /* CharQuote.swift */,
			);
			path = Model;
			sourceTree = "<group>";
		};
		21448F8228ABF27600A138D8 /* Helpers */ = {
			isa = PBXGroup;
			children = (
				21448F8328ABF3A500A138D8 /* Colors.swift */,
				21448F7128AAC86600A138D8 /* GlowBorder.swift */,
				21F15B5728AD9CCB004476B9 /* ObservableDebounceSubject.swift */,
				21D09B4D28B65C1D00778558 /* AnimationHandler.swift */,
			);
			path = Helpers;
			sourceTree = "<group>";
		};
		215C2AB528A8A6690073949B = {
			isa = PBXGroup;
			children = (
				215C2AC028A8A6690073949B /* Swift-UI-App */,
				215C2AD128A8A66F0073949B /* Swift-UI-AppTests */,
				215C2ADB28A8A66F0073949B /* Swift-UI-AppUITests */,
				215C2ABF28A8A6690073949B /* Products */,
			);
			sourceTree = "<group>";
		};
		215C2ABF28A8A6690073949B /* Products */ = {
			isa = PBXGroup;
			children = (
				215C2ABE28A8A6690073949B /* Swift-UI-App.app */,
				215C2ACE28A8A66F0073949B /* Swift-UI-AppTests.xctest */,
				215C2AD828A8A66F0073949B /* Swift-UI-AppUITests.xctest */,
			);
			name = Products;
			sourceTree = "<group>";
		};
		215C2AC028A8A6690073949B /* Swift-UI-App */ = {
			isa = PBXGroup;
			children = (
				21448F7028AABAA100A138D8 /* Info.plist */,
				215C2AC128A8A6690073949B /* Swift_UI_AppApp.swift */,
				21448F8228ABF27600A138D8 /* Helpers */,
				21448F8128ABF26600A138D8 /* Model */,
				21448F8028ABF23C00A138D8 /* Views */,
				21448F6D28AABA4D00A138D8 /* Resources */,
				215C2AC728A8A66E0073949B /* Preview Content */,
			);
			path = "Swift-UI-App";
			sourceTree = "<group>";
		};
		215C2AC728A8A66E0073949B /* Preview Content */ = {
			isa = PBXGroup;
			children = (
				215C2AC828A8A66E0073949B /* Preview Assets.xcassets */,
			);
			path = "Preview Content";
			sourceTree = "<group>";
		};
		215C2AD128A8A66F0073949B /* Swift-UI-AppTests */ = {
			isa = PBXGroup;
			children = (
				215C2AD228A8A66F0073949B /* Swift_UI_AppTests.swift */,
			);
			path = "Swift-UI-AppTests";
			sourceTree = "<group>";
		};
		215C2ADB28A8A66F0073949B /* Swift-UI-AppUITests */ = {
			isa = PBXGroup;
			children = (
				215C2ADC28A8A66F0073949B /* Swift_UI_AppUITests.swift */,
				215C2ADE28A8A66F0073949B /* Swift_UI_AppUITestsLaunchTests.swift */,
			);
			path = "Swift-UI-AppUITests";
			sourceTree = "<group>";
		};
/* End PBXGroup section */

/* Begin PBXNativeTarget section */
		215C2ABD28A8A6690073949B /* Swift-UI-App */ = {
			isa = PBXNativeTarget;
			buildConfigurationList = 215C2AE228A8A66F0073949B /* Build configuration list for PBXNativeTarget "Swift-UI-App" */;
			buildPhases = (
				215C2ABA28A8A6690073949B /* Sources */,
				215C2ABB28A8A6690073949B /* Frameworks */,
				215C2ABC28A8A6690073949B /* Resources */,
			);
			buildRules = (
			);
			dependencies = (
			);
			name = "Swift-UI-App";
			packageProductDependencies = (
				21448F6B28AAA06500A138D8 /* CachedAsyncImage */,
			);
			productName = "Swift-UI-App";
			productReference = 215C2ABE28A8A6690073949B /* Swift-UI-App.app */;
			productType = "com.apple.product-type.application";
		};
		215C2ACD28A8A66F0073949B /* Swift-UI-AppTests */ = {
			isa = PBXNativeTarget;
			buildConfigurationList = 215C2AE528A8A66F0073949B /* Build configuration list for PBXNativeTarget "Swift-UI-AppTests" */;
			buildPhases = (
				215C2ACA28A8A66F0073949B /* Sources */,
				215C2ACB28A8A66F0073949B /* Frameworks */,
				215C2ACC28A8A66F0073949B /* Resources */,
			);
			buildRules = (
			);
			dependencies = (
				215C2AD028A8A66F0073949B /* PBXTargetDependency */,
			);
			name = "Swift-UI-AppTests";
			productName = "Swift-UI-AppTests";
			productReference = 215C2ACE28A8A66F0073949B /* Swift-UI-AppTests.xctest */;
			productType = "com.apple.product-type.bundle.unit-test";
		};
		215C2AD728A8A66F0073949B /* Swift-UI-AppUITests */ = {
			isa = PBXNativeTarget;
			buildConfigurationList = 215C2AE828A8A66F0073949B /* Build configuration list for PBXNativeTarget "Swift-UI-AppUITests" */;
			buildPhases = (
				215C2AD428A8A66F0073949B /* Sources */,
				215C2AD528A8A66F0073949B /* Frameworks */,
				215C2AD628A8A66F0073949B /* Resources */,
			);
			buildRules = (
			);
			dependencies = (
				215C2ADA28A8A66F0073949B /* PBXTargetDependency */,
			);
			name = "Swift-UI-AppUITests";
			productName = "Swift-UI-AppUITests";
			productReference = 215C2AD828A8A66F0073949B /* Swift-UI-AppUITests.xctest */;
			productType = "com.apple.product-type.bundle.ui-testing";
		};
/* End PBXNativeTarget section */

/* Begin PBXProject section */
		215C2AB628A8A6690073949B /* Project object */ = {
			isa = PBXProject;
			attributes = {
				BuildIndependentTargetsInParallel = 1;
				LastSwiftUpdateCheck = 1340;
				LastUpgradeCheck = 1340;
				TargetAttributes = {
					215C2ABD28A8A6690073949B = {
						CreatedOnToolsVersion = 13.4.1;
					};
					215C2ACD28A8A66F0073949B = {
						CreatedOnToolsVersion = 13.4.1;
						TestTargetID = 215C2ABD28A8A6690073949B;
					};
					215C2AD728A8A66F0073949B = {
						CreatedOnToolsVersion = 13.4.1;
						TestTargetID = 215C2ABD28A8A6690073949B;
					};
				};
			};
			buildConfigurationList = 215C2AB928A8A6690073949B /* Build configuration list for PBXProject "Swift-UI-App" */;
			compatibilityVersion = "Xcode 13.0";
			developmentRegion = en;
			hasScannedForEncodings = 0;
			knownRegions = (
				en,
				Base,
			);
			mainGroup = 215C2AB528A8A6690073949B;
			packageReferences = (
				21448F6A28AAA06500A138D8 /* XCRemoteSwiftPackageReference "swiftui-cached-async-image" */,
			);
			productRefGroup = 215C2ABF28A8A6690073949B /* Products */;
			projectDirPath = "";
			projectRoot = "";
			targets = (
				215C2ABD28A8A6690073949B /* Swift-UI-App */,
				215C2ACD28A8A66F0073949B /* Swift-UI-AppTests */,
				215C2AD728A8A66F0073949B /* Swift-UI-AppUITests */,
			);
		};
/* End PBXProject section */

/* Begin PBXResourcesBuildPhase section */
		215C2ABC28A8A6690073949B /* Resources */ = {
			isa = PBXResourcesBuildPhase;
			buildActionMask = 2147483647;
			files = (
				215C2AC928A8A66E0073949B /* Preview Assets.xcassets in Resources */,
				21448F6F28AABA5E00A138D8 /* Simpsonfont.otf in Resources */,
				215C2AC628A8A66E0073949B /* Assets.xcassets in Resources */,
			);
			runOnlyForDeploymentPostprocessing = 0;
		};
		215C2ACC28A8A66F0073949B /* Resources */ = {
			isa = PBXResourcesBuildPhase;
			buildActionMask = 2147483647;
			files = (
			);
			runOnlyForDeploymentPostprocessing = 0;
		};
		215C2AD628A8A66F0073949B /* Resources */ = {
			isa = PBXResourcesBuildPhase;
			buildActionMask = 2147483647;
			files = (
			);
			runOnlyForDeploymentPostprocessing = 0;
		};
/* End PBXResourcesBuildPhase section */

/* Begin PBXSourcesBuildPhase section */
		215C2ABA28A8A6690073949B /* Sources */ = {
			isa = PBXSourcesBuildPhase;
			buildActionMask = 2147483647;
			files = (
				21A9367228AE81E100579171 /* ErrorInformationView.swift in Sources */,
				21F15B5828AD9CCB004476B9 /* ObservableDebounceSubject.swift in Sources */,
				21448F8428ABF3A500A138D8 /* Colors.swift in Sources */,
				215C2AEE28A8A7570073949B /* CharQuote.swift in Sources */,
				21448F7728AACA5D00A138D8 /* MainView.swift in Sources */,
				215C2AEC28A8A6BD0073949B /* CharQuotesManager.swift in Sources */,
				215C2AF228A8BA970073949B /* CharQuoteView.swift in Sources */,
				21D09B4E28B65C1D00778558 /* AnimationHandler.swift in Sources */,
				21448F8928AC059600A138D8 /* FavoriteQuoteView.swift in Sources */,
				21D09B4A28B652CE00778558 /* RandomQuotesView.swift in Sources */,
				21448F7B28AAE2A400A138D8 /* FavoriteQuotesManager.swift in Sources */,
				2131006B28B3EC26007D5A32 /* RoundedButton.swift in Sources */,
				21448F7928AACA9600A138D8 /* FavoriteQuotesListView.swift in Sources */,
				215C2AC228A8A6690073949B /* Swift_UI_AppApp.swift in Sources */,
				21D410E728AFDF5F00D700AB /* SearchBar.swift in Sources */,
				21448F7228AAC86600A138D8 /* GlowBorder.swift in Sources */,
				21D410E528AFDE9300D700AB /* Spinner.swift in Sources */,
			);
			runOnlyForDeploymentPostprocessing = 0;
		};
		215C2ACA28A8A66F0073949B /* Sources */ = {
			isa = PBXSourcesBuildPhase;
			buildActionMask = 2147483647;
			files = (
				215C2AD328A8A66F0073949B /* Swift_UI_AppTests.swift in Sources */,
			);
			runOnlyForDeploymentPostprocessing = 0;
		};
		215C2AD428A8A66F0073949B /* Sources */ = {
			isa = PBXSourcesBuildPhase;
			buildActionMask = 2147483647;
			files = (
				215C2ADF28A8A66F0073949B /* Swift_UI_AppUITestsLaunchTests.swift in Sources */,
				215C2ADD28A8A66F0073949B /* Swift_UI_AppUITests.swift in Sources */,
			);
			runOnlyForDeploymentPostprocessing = 0;
		};
/* End PBXSourcesBuildPhase section */

/* Begin PBXTargetDependency section */
		215C2AD028A8A66F0073949B /* PBXTargetDependency */ = {
			isa = PBXTargetDependency;
			target = 215C2ABD28A8A6690073949B /* Swift-UI-App */;
			targetProxy = 215C2ACF28A8A66F0073949B /* PBXContainerItemProxy */;
		};
		215C2ADA28A8A66F0073949B /* PBXTargetDependency */ = {
			isa = PBXTargetDependency;
			target = 215C2ABD28A8A6690073949B /* Swift-UI-App */;
			targetProxy = 215C2AD928A8A66F0073949B /* PBXContainerItemProxy */;
		};
/* End PBXTargetDependency section */

/* Begin XCBuildConfiguration section */
		215C2AE028A8A66F0073949B /* Debug */ = {
			isa = XCBuildConfiguration;
			buildSettings = {
				ALWAYS_SEARCH_USER_PATHS = NO;
				CLANG_ANALYZER_NONNULL = YES;
				CLANG_ANALYZER_NUMBER_OBJECT_CONVERSION = YES_AGGRESSIVE;
				CLANG_CXX_LANGUAGE_STANDARD = "gnu++17";
				CLANG_ENABLE_MODULES = YES;
				CLANG_ENABLE_OBJC_ARC = YES;
				CLANG_ENABLE_OBJC_WEAK = YES;
				CLANG_WARN_BLOCK_CAPTURE_AUTORELEASING = YES;
				CLANG_WARN_BOOL_CONVERSION = YES;
				CLANG_WARN_COMMA = YES;
				CLANG_WARN_CONSTANT_CONVERSION = YES;
				CLANG_WARN_DEPRECATED_OBJC_IMPLEMENTATIONS = YES;
				CLANG_WARN_DIRECT_OBJC_ISA_USAGE = YES_ERROR;
				CLANG_WARN_DOCUMENTATION_COMMENTS = YES;
				CLANG_WARN_EMPTY_BODY = YES;
				CLANG_WARN_ENUM_CONVERSION = YES;
				CLANG_WARN_INFINITE_RECURSION = YES;
				CLANG_WARN_INT_CONVERSION = YES;
				CLANG_WARN_NON_LITERAL_NULL_CONVERSION = YES;
				CLANG_WARN_OBJC_IMPLICIT_RETAIN_SELF = YES;
				CLANG_WARN_OBJC_LITERAL_CONVERSION = YES;
				CLANG_WARN_OBJC_ROOT_CLASS = YES_ERROR;
				CLANG_WARN_QUOTED_INCLUDE_IN_FRAMEWORK_HEADER = YES;
				CLANG_WARN_RANGE_LOOP_ANALYSIS = YES;
				CLANG_WARN_STRICT_PROTOTYPES = YES;
				CLANG_WARN_SUSPICIOUS_MOVE = YES;
				CLANG_WARN_UNGUARDED_AVAILABILITY = YES_AGGRESSIVE;
				CLANG_WARN_UNREACHABLE_CODE = YES;
				CLANG_WARN__DUPLICATE_METHOD_MATCH = YES;
				COPY_PHASE_STRIP = NO;
				DEBUG_INFORMATION_FORMAT = dwarf;
				ENABLE_STRICT_OBJC_MSGSEND = YES;
				ENABLE_TESTABILITY = YES;
				GCC_C_LANGUAGE_STANDARD = gnu11;
				GCC_DYNAMIC_NO_PIC = NO;
				GCC_NO_COMMON_BLOCKS = YES;
				GCC_OPTIMIZATION_LEVEL = 0;
				GCC_PREPROCESSOR_DEFINITIONS = (
					"DEBUG=1",
					"$(inherited)",
				);
				GCC_WARN_64_TO_32_BIT_CONVERSION = YES;
				GCC_WARN_ABOUT_RETURN_TYPE = YES_ERROR;
				GCC_WARN_UNDECLARED_SELECTOR = YES;
				GCC_WARN_UNINITIALIZED_AUTOS = YES_AGGRESSIVE;
				GCC_WARN_UNUSED_FUNCTION = YES;
				GCC_WARN_UNUSED_VARIABLE = YES;
				IPHONEOS_DEPLOYMENT_TARGET = 15.5;
				MTL_ENABLE_DEBUG_INFO = INCLUDE_SOURCE;
				MTL_FAST_MATH = YES;
				ONLY_ACTIVE_ARCH = YES;
				SDKROOT = iphoneos;
				SWIFT_ACTIVE_COMPILATION_CONDITIONS = DEBUG;
				SWIFT_OPTIMIZATION_LEVEL = "-Onone";
			};
			name = Debug;
		};
		215C2AE128A8A66F0073949B /* Release */ = {
			isa = XCBuildConfiguration;
			buildSettings = {
				ALWAYS_SEARCH_USER_PATHS = NO;
				CLANG_ANALYZER_NONNULL = YES;
				CLANG_ANALYZER_NUMBER_OBJECT_CONVERSION = YES_AGGRESSIVE;
				CLANG_CXX_LANGUAGE_STANDARD = "gnu++17";
				CLANG_ENABLE_MODULES = YES;
				CLANG_ENABLE_OBJC_ARC = YES;
				CLANG_ENABLE_OBJC_WEAK = YES;
				CLANG_WARN_BLOCK_CAPTURE_AUTORELEASING = YES;
				CLANG_WARN_BOOL_CONVERSION = YES;
				CLANG_WARN_COMMA = YES;
				CLANG_WARN_CONSTANT_CONVERSION = YES;
				CLANG_WARN_DEPRECATED_OBJC_IMPLEMENTATIONS = YES;
				CLANG_WARN_DIRECT_OBJC_ISA_USAGE = YES_ERROR;
				CLANG_WARN_DOCUMENTATION_COMMENTS = YES;
				CLANG_WARN_EMPTY_BODY = YES;
				CLANG_WARN_ENUM_CONVERSION = YES;
				CLANG_WARN_INFINITE_RECURSION = YES;
				CLANG_WARN_INT_CONVERSION = YES;
				CLANG_WARN_NON_LITERAL_NULL_CONVERSION = YES;
				CLANG_WARN_OBJC_IMPLICIT_RETAIN_SELF = YES;
				CLANG_WARN_OBJC_LITERAL_CONVERSION = YES;
				CLANG_WARN_OBJC_ROOT_CLASS = YES_ERROR;
				CLANG_WARN_QUOTED_INCLUDE_IN_FRAMEWORK_HEADER = YES;
				CLANG_WARN_RANGE_LOOP_ANALYSIS = YES;
				CLANG_WARN_STRICT_PROTOTYPES = YES;
				CLANG_WARN_SUSPICIOUS_MOVE = YES;
				CLANG_WARN_UNGUARDED_AVAILABILITY = YES_AGGRESSIVE;
				CLANG_WARN_UNREACHABLE_CODE = YES;
				CLANG_WARN__DUPLICATE_METHOD_MATCH = YES;
				COPY_PHASE_STRIP = NO;
				DEBUG_INFORMATION_FORMAT = "dwarf-with-dsym";
				ENABLE_NS_ASSERTIONS = NO;
				ENABLE_STRICT_OBJC_MSGSEND = YES;
				GCC_C_LANGUAGE_STANDARD = gnu11;
				GCC_NO_COMMON_BLOCKS = YES;
				GCC_WARN_64_TO_32_BIT_CONVERSION = YES;
				GCC_WARN_ABOUT_RETURN_TYPE = YES_ERROR;
				GCC_WARN_UNDECLARED_SELECTOR = YES;
				GCC_WARN_UNINITIALIZED_AUTOS = YES_AGGRESSIVE;
				GCC_WARN_UNUSED_FUNCTION = YES;
				GCC_WARN_UNUSED_VARIABLE = YES;
				IPHONEOS_DEPLOYMENT_TARGET = 15.5;
				MTL_ENABLE_DEBUG_INFO = NO;
				MTL_FAST_MATH = YES;
				SDKROOT = iphoneos;
				SWIFT_COMPILATION_MODE = wholemodule;
				SWIFT_OPTIMIZATION_LEVEL = "-O";
				VALIDATE_PRODUCT = YES;
			};
			name = Release;
		};
		215C2AE328A8A66F0073949B /* Debug */ = {
			isa = XCBuildConfiguration;
			buildSettings = {
				ASSETCATALOG_COMPILER_APPICON_NAME = AppIcon;
				ASSETCATALOG_COMPILER_GLOBAL_ACCENT_COLOR_NAME = AccentColor;
				CODE_SIGN_STYLE = Automatic;
				CURRENT_PROJECT_VERSION = 1;
				DEVELOPMENT_ASSET_PATHS = "\"Swift-UI-App/Preview Content\"";
				DEVELOPMENT_TEAM = AM4FA9X84T;
				ENABLE_PREVIEWS = YES;
				GENERATE_INFOPLIST_FILE = YES;
				INFOPLIST_FILE = "Swift-UI-App/Info.plist";
				INFOPLIST_KEY_UIApplicationSceneManifest_Generation = YES;
				INFOPLIST_KEY_UIApplicationSupportsIndirectInputEvents = YES;
				INFOPLIST_KEY_UILaunchScreen_Generation = YES;
				INFOPLIST_KEY_UISupportedInterfaceOrientations_iPad = "UIInterfaceOrientationPortrait UIInterfaceOrientationPortraitUpsideDown UIInterfaceOrientationLandscapeLeft UIInterfaceOrientationLandscapeRight";
				INFOPLIST_KEY_UISupportedInterfaceOrientations_iPhone = "UIInterfaceOrientationPortrait UIInterfaceOrientationLandscapeLeft UIInterfaceOrientationLandscapeRight";
				LD_RUNPATH_SEARCH_PATHS = (
					"$(inherited)",
					"@executable_path/Frameworks",
				);
				MARKETING_VERSION = 1.0;
				PRODUCT_BUNDLE_IDENTIFIER = "com.martinregas.Swift-UI-App";
				PRODUCT_NAME = "$(TARGET_NAME)";
				SWIFT_EMIT_LOC_STRINGS = YES;
				SWIFT_VERSION = 5.0;
				TARGETED_DEVICE_FAMILY = "1,2";
			};
			name = Debug;
		};
		215C2AE428A8A66F0073949B /* Release */ = {
			isa = XCBuildConfiguration;
			buildSettings = {
				ASSETCATALOG_COMPILER_APPICON_NAME = AppIcon;
				ASSETCATALOG_COMPILER_GLOBAL_ACCENT_COLOR_NAME = AccentColor;
				CODE_SIGN_STYLE = Automatic;
				CURRENT_PROJECT_VERSION = 1;
				DEVELOPMENT_ASSET_PATHS = "\"Swift-UI-App/Preview Content\"";
				DEVELOPMENT_TEAM = AM4FA9X84T;
				ENABLE_PREVIEWS = YES;
				GENERATE_INFOPLIST_FILE = YES;
				INFOPLIST_FILE = "Swift-UI-App/Info.plist";
				INFOPLIST_KEY_UIApplicationSceneManifest_Generation = YES;
				INFOPLIST_KEY_UIApplicationSupportsIndirectInputEvents = YES;
				INFOPLIST_KEY_UILaunchScreen_Generation = YES;
				INFOPLIST_KEY_UISupportedInterfaceOrientations_iPad = "UIInterfaceOrientationPortrait UIInterfaceOrientationPortraitUpsideDown UIInterfaceOrientationLandscapeLeft UIInterfaceOrientationLandscapeRight";
				INFOPLIST_KEY_UISupportedInterfaceOrientations_iPhone = "UIInterfaceOrientationPortrait UIInterfaceOrientationLandscapeLeft UIInterfaceOrientationLandscapeRight";
				LD_RUNPATH_SEARCH_PATHS = (
					"$(inherited)",
					"@executable_path/Frameworks",
				);
				MARKETING_VERSION = 1.0;
				PRODUCT_BUNDLE_IDENTIFIER = "com.martinregas.Swift-UI-App";
				PRODUCT_NAME = "$(TARGET_NAME)";
				SWIFT_EMIT_LOC_STRINGS = YES;
				SWIFT_VERSION = 5.0;
				TARGETED_DEVICE_FAMILY = "1,2";
			};
			name = Release;
		};
		215C2AE628A8A66F0073949B /* Debug */ = {
			isa = XCBuildConfiguration;
			buildSettings = {
				ALWAYS_EMBED_SWIFT_STANDARD_LIBRARIES = YES;
				BUNDLE_LOADER = "$(TEST_HOST)";
				CODE_SIGN_STYLE = Automatic;
				CURRENT_PROJECT_VERSION = 1;
				DEVELOPMENT_TEAM = AM4FA9X84T;
				GENERATE_INFOPLIST_FILE = YES;
				IPHONEOS_DEPLOYMENT_TARGET = 15.5;
				MARKETING_VERSION = 1.0;
				PRODUCT_BUNDLE_IDENTIFIER = "com.martinregas.Swift-UI-AppTests";
				PRODUCT_NAME = "$(TARGET_NAME)";
				SWIFT_EMIT_LOC_STRINGS = NO;
				SWIFT_VERSION = 5.0;
				TARGETED_DEVICE_FAMILY = "1,2";
				TEST_HOST = "$(BUILT_PRODUCTS_DIR)/Swift-UI-App.app/Swift-UI-App";
			};
			name = Debug;
		};
		215C2AE728A8A66F0073949B /* Release */ = {
			isa = XCBuildConfiguration;
			buildSettings = {
				ALWAYS_EMBED_SWIFT_STANDARD_LIBRARIES = YES;
				BUNDLE_LOADER = "$(TEST_HOST)";
				CODE_SIGN_STYLE = Automatic;
				CURRENT_PROJECT_VERSION = 1;
				DEVELOPMENT_TEAM = AM4FA9X84T;
				GENERATE_INFOPLIST_FILE = YES;
				IPHONEOS_DEPLOYMENT_TARGET = 15.5;
				MARKETING_VERSION = 1.0;
				PRODUCT_BUNDLE_IDENTIFIER = "com.martinregas.Swift-UI-AppTests";
				PRODUCT_NAME = "$(TARGET_NAME)";
				SWIFT_EMIT_LOC_STRINGS = NO;
				SWIFT_VERSION = 5.0;
				TARGETED_DEVICE_FAMILY = "1,2";
				TEST_HOST = "$(BUILT_PRODUCTS_DIR)/Swift-UI-App.app/Swift-UI-App";
			};
			name = Release;
		};
		215C2AE928A8A66F0073949B /* Debug */ = {
			isa = XCBuildConfiguration;
			buildSettings = {
				ALWAYS_EMBED_SWIFT_STANDARD_LIBRARIES = YES;
				CODE_SIGN_STYLE = Automatic;
				CURRENT_PROJECT_VERSION = 1;
				DEVELOPMENT_TEAM = AM4FA9X84T;
				GENERATE_INFOPLIST_FILE = YES;
				MARKETING_VERSION = 1.0;
				PRODUCT_BUNDLE_IDENTIFIER = "com.martinregas.Swift-UI-AppUITests";
				PRODUCT_NAME = "$(TARGET_NAME)";
				SWIFT_EMIT_LOC_STRINGS = NO;
				SWIFT_VERSION = 5.0;
				TARGETED_DEVICE_FAMILY = "1,2";
				TEST_TARGET_NAME = "Swift-UI-App";
			};
			name = Debug;
		};
		215C2AEA28A8A66F0073949B /* Release */ = {
			isa = XCBuildConfiguration;
			buildSettings = {
				ALWAYS_EMBED_SWIFT_STANDARD_LIBRARIES = YES;
				CODE_SIGN_STYLE = Automatic;
				CURRENT_PROJECT_VERSION = 1;
				DEVELOPMENT_TEAM = AM4FA9X84T;
				GENERATE_INFOPLIST_FILE = YES;
				MARKETING_VERSION = 1.0;
				PRODUCT_BUNDLE_IDENTIFIER = "com.martinregas.Swift-UI-AppUITests";
				PRODUCT_NAME = "$(TARGET_NAME)";
				SWIFT_EMIT_LOC_STRINGS = NO;
				SWIFT_VERSION = 5.0;
				TARGETED_DEVICE_FAMILY = "1,2";
				TEST_TARGET_NAME = "Swift-UI-App";
			};
			name = Release;
		};
/* End XCBuildConfiguration section */

/* Begin XCConfigurationList section */
		215C2AB928A8A6690073949B /* Build configuration list for PBXProject "Swift-UI-App" */ = {
			isa = XCConfigurationList;
			buildConfigurations = (
				215C2AE028A8A66F0073949B /* Debug */,
				215C2AE128A8A66F0073949B /* Release */,
			);
			defaultConfigurationIsVisible = 0;
			defaultConfigurationName = Release;
		};
		215C2AE228A8A66F0073949B /* Build configuration list for PBXNativeTarget "Swift-UI-App" */ = {
			isa = XCConfigurationList;
			buildConfigurations = (
				215C2AE328A8A66F0073949B /* Debug */,
				215C2AE428A8A66F0073949B /* Release */,
			);
			defaultConfigurationIsVisible = 0;
			defaultConfigurationName = Release;
		};
		215C2AE528A8A66F0073949B /* Build configuration list for PBXNativeTarget "Swift-UI-AppTests" */ = {
			isa = XCConfigurationList;
			buildConfigurations = (
				215C2AE628A8A66F0073949B /* Debug */,
				215C2AE728A8A66F0073949B /* Release */,
			);
			defaultConfigurationIsVisible = 0;
			defaultConfigurationName = Release;
		};
		215C2AE828A8A66F0073949B /* Build configuration list for PBXNativeTarget "Swift-UI-AppUITests" */ = {
			isa = XCConfigurationList;
			buildConfigurations = (
				215C2AE928A8A66F0073949B /* Debug */,
				215C2AEA28A8A66F0073949B /* Release */,
			);
			defaultConfigurationIsVisible = 0;
			defaultConfigurationName = Release;
		};
/* End XCConfigurationList section */

/* Begin XCRemoteSwiftPackageReference section */
		21448F6A28AAA06500A138D8 /* XCRemoteSwiftPackageReference "swiftui-cached-async-image" */ = {
			isa = XCRemoteSwiftPackageReference;
			repositoryURL = "https://github.com/lorenzofiamingo/swiftui-cached-async-image";
			requirement = {
				branch = main;
				kind = branch;
			};
		};
/* End XCRemoteSwiftPackageReference section */

/* Begin XCSwiftPackageProductDependency section */
		21448F6B28AAA06500A138D8 /* CachedAsyncImage */ = {
			isa = XCSwiftPackageProductDependency;
			package = 21448F6A28AAA06500A138D8 /* XCRemoteSwiftPackageReference "swiftui-cached-async-image" */;
			productName = CachedAsyncImage;
		};
/* End XCSwiftPackageProductDependency section */
	};
	rootObject = 215C2AB628A8A6690073949B /* Project object */;
}
